
Microsoft Visual Studio Solution File, Format Version 12.00
# Visual Studio 14
VisualStudioVersion = 14.0.25123.0
MinimumVisualStudioVersion = 10.0.40219.1
Project("{FAE04EC0-301F-11D3-BF4B-00C04F79EFBC}") = "HttpNasAccess.Api", "HttpNasAccess.Api\HttpNasAccess.Api.csproj", "{56A34EED-F4A0-4510-805A-6F56B2D1AEF3}"
EndProject
Project("{FAE04EC0-301F-11D3-BF4B-00C04F79EFBC}") = "HttpNasAccess.Client", "HttpNasAccess.Client\HttpNasAccess.Client.csproj", "{40981341-390D-4717-9976-80F57C748039}"
EndProject
Project("{FAE04EC0-301F-11D3-BF4B-00C04F79EFBC}") = "HttpNasAccess.Api.Test", "HttpNasAccess.Api.Test\HttpNasAccess.Api.Test.csproj", "{444BBF3A-43CC-48B4-B73C-17785ACEDE98}"
EndProject
Global
	GlobalSection(SolutionConfigurationPlatforms) = preSolution
		Debug|Any CPU = Debug|Any CPU
		Release|Any CPU = Release|Any CPU
	EndGlobalSection
	GlobalSection(ProjectConfigurationPlatforms) = postSolution
		{56A34EED-F4A0-4510-805A-6F56B2D1AEF3}.Debug|Any CPU.ActiveCfg = Debug|Any CPU
		{56A34EED-F4A0-4510-805A-6F56B2D1AEF3}.Debug|Any CPU.Build.0 = Debug|Any CPU
		{56A34EED-F4A0-4510-805A-6F56B2D1AEF3}.Release|Any CPU.ActiveCfg = Release|Any CPU
		{56A34EED-F4A0-4510-805A-6F56B2D1AEF3}.Release|Any CPU.Build.0 = Release|Any CPU
		{40981341-390D-4717-9976-80F57C748039}.Debug|Any CPU.ActiveCfg = Debug|Any CPU
		{40981341-390D-4717-9976-80F57C748039}.Debug|Any CPU.Build.0 = Debug|Any CPU
		{40981341-390D-4717-9976-80F57C748039}.Release|Any CPU.ActiveCfg = Release|Any CPU
		{40981341-390D-4717-9976-80F57C748039}.Release|Any CPU.Build.0 = Release|Any CPU
		{444BBF3A-43CC-48B4-B73C-17785ACEDE98}.Debug|Any CPU.ActiveCfg = Debug|Any CPU
		{444BBF3A-43CC-48B4-B73C-17785ACEDE98}.Debug|Any CPU.Build.0 = Debug|Any CPU
		{444BBF3A-43CC-48B4-B73C-17785ACEDE98}.Release|Any CPU.ActiveCfg = Release|Any CPU
		{444BBF3A-43CC-48B4-B73C-17785ACEDE98}.Release|Any CPU.Build.0 = Release|Any CPU
	EndGlobalSection
	GlobalSection(SolutionProperties) = preSolution
		HideSolutionNode = FALSE
	EndGlobalSection
	GlobalSection(TeamFoundationVersionControl) = preSolution
		SccNumberOfProjects = 4
		SccEnterpriseProvider = {4CA58AB2-18FA-4F8D-95D4-32DDF27D184C}
		SccTeamFoundationServer = http://apsep1636:8080/tfs/uhg
		SccLocalPath0 = .
		SccProjectUniqueName1 = HttpNasAccess.Api\\HttpNasAccess.Api.csproj
		SccProjectName1 = HttpNasAccess.Api
		SccLocalPath1 = HttpNasAccess.Api
		SccProjectUniqueName2 = HttpNasAccess.Client\\HttpNasAccess.Client.csproj
		SccProjectName2 = HttpNasAccess.Client
		SccLocalPath2 = HttpNasAccess.Client
		SccProjectUniqueName3 = HttpNasAccess.Api.Test\\HttpNasAccess.Api.Test.csproj
		SccProjectName3 = HttpNasAccess.Api.Test
		SccLocalPath3 = HttpNasAccess.Api.Test
	EndGlobalSection
EndGlobal
